
Microsoft Visual Studio Solution File, Format Version 12.00
# Visual Studio 15
VisualStudioVersion = 15.0.27428.2015
MinimumVisualStudioVersion = 10.0.40219.1
Project("{FAE04EC0-301F-11D3-BF4B-00C04F79EFBC}") = "TripLog.Android", "TripLog.Android\TripLog.Android.csproj", "{4E04EFE7-E838-44AB-A515-42F1D44764EC}"
EndProject
Project("{FAE04EC0-301F-11D3-BF4B-00C04F79EFBC}") = "TripLog.iOS", "TripLog.iOS\TripLog.iOS.csproj", "{F78C6634-B982-44F2-9873-B0B1BB23AC4A}"
EndProject
Project("{FAE04EC0-301F-11D3-BF4B-00C04F79EFBC}") = "TripLog.UWP", "TripLog.UWP\TripLog.UWP.csproj", "{F272C9B5-45DF-44B5-A5B3-322DFC152BC4}"
EndProject
Project("{FAE04EC0-301F-11D3-BF4B-00C04F79EFBC}") = "TripLog", "TripLog\TripLog.csproj", "{3A7EFC1D-035E-4751-9D89-5D1FF0D1E1CA}"
EndProject
Global
	GlobalSection(SolutionConfigurationPlatforms) = preSolution
		Ad-Hoc|Any CPU = Ad-Hoc|Any CPU
		Ad-Hoc|ARM = Ad-Hoc|ARM
		Ad-Hoc|iPhone = Ad-Hoc|iPhone
		Ad-Hoc|iPhoneSimulator = Ad-Hoc|iPhoneSimulator
		Ad-Hoc|x64 = Ad-Hoc|x64
		Ad-Hoc|x86 = Ad-Hoc|x86
		AppStore|Any CPU = AppStore|Any CPU
		AppStore|ARM = AppStore|ARM
		AppStore|iPhone = AppStore|iPhone
		AppStore|iPhoneSimulator = AppStore|iPhoneSimulator
		AppStore|x64 = AppStore|x64
		AppStore|x86 = AppStore|x86
		Debug|Any CPU = Debug|Any CPU
		Debug|ARM = Debug|ARM
		Debug|iPhone = Debug|iPhone
		Debug|iPhoneSimulator = Debug|iPhoneSimulator
		Debug|x64 = Debug|x64
		Debug|x86 = Debug|x86
		Release|Any CPU = Release|Any CPU
		Release|ARM = Release|ARM
		Release|iPhone = Release|iPhone
		Release|iPhoneSimulator = Release|iPhoneSimulator
		Release|x64 = Release|x64
		Release|x86 = Release|x86
	EndGlobalSection
	GlobalSection(ProjectConfigurationPlatforms) = postSolution
		{4E04EFE7-E838-44AB-A515-42F1D44764EC}.Ad-Hoc|Any CPU.ActiveCfg = Release|Any CPU
		{4E04EFE7-E838-44AB-A515-42F1D44764EC}.Ad-Hoc|Any CPU.Build.0 = Release|Any CPU
		{4E04EFE7-E838-44AB-A515-42F1D44764EC}.Ad-Hoc|Any CPU.Deploy.0 = Release|Any CPU
		{4E04EFE7-E838-44AB-A515-42F1D44764EC}.Ad-Hoc|ARM.ActiveCfg = Release|Any CPU
		{4E04EFE7-E838-44AB-A515-42F1D44764EC}.Ad-Hoc|ARM.Build.0 = Release|Any CPU
		{4E04EFE7-E838-44AB-A515-42F1D44764EC}.Ad-Hoc|ARM.Deploy.0 = Release|Any CPU
		{4E04EFE7-E838-44AB-A515-42F1D44764EC}.Ad-Hoc|iPhone.ActiveCfg = Release|Any CPU
		{4E04EFE7-E838-44AB-A515-42F1D44764EC}.Ad-Hoc|iPhone.Build.0 = Release|Any CPU
		{4E04EFE7-E838-44AB-A515-42F1D44764EC}.Ad-Hoc|iPhone.Deploy.0 = Release|Any CPU
		{4E04EFE7-E838-44AB-A515-42F1D44764EC}.Ad-Hoc|iPhoneSimulator.ActiveCfg = Release|Any CPU
		{4E04EFE7-E838-44AB-A515-42F1D44764EC}.Ad-Hoc|iPhoneSimulator.Build.0 = Release|Any CPU
		{4E04EFE7-E838-44AB-A515-42F1D44764EC}.Ad-Hoc|iPhoneSimulator.Deploy.0 = Release|Any CPU
		{4E04EFE7-E838-44AB-A515-42F1D44764EC}.Ad-Hoc|x64.ActiveCfg = Release|Any CPU
		{4E04EFE7-E838-44AB-A515-42F1D44764EC}.Ad-Hoc|x64.Build.0 = Release|Any CPU
		{4E04EFE7-E838-44AB-A515-42F1D44764EC}.Ad-Hoc|x64.Deploy.0 = Release|Any CPU
		{4E04EFE7-E838-44AB-A515-42F1D44764EC}.Ad-Hoc|x86.ActiveCfg = Release|Any CPU
		{4E04EFE7-E838-44AB-A515-42F1D44764EC}.Ad-Hoc|x86.Build.0 = Release|Any CPU
		{4E04EFE7-E838-44AB-A515-42F1D44764EC}.Ad-Hoc|x86.Deploy.0 = Release|Any CPU
		{4E04EFE7-E838-44AB-A515-42F1D44764EC}.AppStore|Any CPU.ActiveCfg = Release|Any CPU
		{4E04EFE7-E838-44AB-A515-42F1D44764EC}.AppStore|Any CPU.Build.0 = Release|Any CPU
		{4E04EFE7-E838-44AB-A515-42F1D44764EC}.AppStore|Any CPU.Deploy.0 = Release|Any CPU
		{4E04EFE7-E838-44AB-A515-42F1D44764EC}.AppStore|ARM.ActiveCfg = Release|Any CPU
		{4E04EFE7-E838-44AB-A515-42F1D44764EC}.AppStore|ARM.Build.0 = Release|Any CPU
		{4E04EFE7-E838-44AB-A515-42F1D44764EC}.AppStore|ARM.Deploy.0 = Release|Any CPU
		{4E04EFE7-E838-44AB-A515-42F1D44764EC}.AppStore|iPhone.ActiveCfg = Release|Any CPU
		{4E04EFE7-E838-44AB-A515-42F1D44764EC}.AppStore|iPhone.Build.0 = Release|Any CPU
		{4E04EFE7-E838-44AB-A515-42F1D44764EC}.AppStore|iPhone.Deploy.0 = Release|Any CPU
		{4E04EFE7-E838-44AB-A515-42F1D44764EC}.AppStore|iPhoneSimulator.ActiveCfg = Release|Any CPU
		{4E04EFE7-E838-44AB-A515-42F1D44764EC}.AppStore|iPhoneSimulator.Build.0 = Release|Any CPU
		{4E04EFE7-E838-44AB-A515-42F1D44764EC}.AppStore|iPhoneSimulator.Deploy.0 = Release|Any CPU
		{4E04EFE7-E838-44AB-A515-42F1D44764EC}.AppStore|x64.ActiveCfg = Release|Any CPU
		{4E04EFE7-E838-44AB-A515-42F1D44764EC}.AppStore|x64.Build.0 = Release|Any CPU
		{4E04EFE7-E838-44AB-A515-42F1D44764EC}.AppStore|x64.Deploy.0 = Release|Any CPU
		{4E04EFE7-E838-44AB-A515-42F1D44764EC}.AppStore|x86.ActiveCfg = Release|Any CPU
		{4E04EFE7-E838-44AB-A515-42F1D44764EC}.AppStore|x86.Build.0 = Release|Any CPU
		{4E04EFE7-E838-44AB-A515-42F1D44764EC}.AppStore|x86.Deploy.0 = Release|Any CPU
		{4E04EFE7-E838-44AB-A515-42F1D44764EC}.Debug|Any CPU.ActiveCfg = Debug|Any CPU
		{4E04EFE7-E838-44AB-A515-42F1D44764EC}.Debug|Any CPU.Build.0 = Debug|Any CPU
		{4E04EFE7-E838-44AB-A515-42F1D44764EC}.Debug|Any CPU.Deploy.0 = Debug|Any CPU
		{4E04EFE7-E838-44AB-A515-42F1D44764EC}.Debug|ARM.ActiveCfg = Debug|Any CPU
		{4E04EFE7-E838-44AB-A515-42F1D44764EC}.Debug|ARM.Build.0 = Debug|Any CPU
		{4E04EFE7-E838-44AB-A515-42F1D44764EC}.Debug|ARM.Deploy.0 = Debug|Any CPU
		{4E04EFE7-E838-44AB-A515-42F1D44764EC}.Debug|iPhone.ActiveCfg = Debug|Any CPU
		{4E04EFE7-E838-44AB-A515-42F1D44764EC}.Debug|iPhone.Build.0 = Debug|Any CPU
		{4E04EFE7-E838-44AB-A515-42F1D44764EC}.Debug|iPhone.Deploy.0 = Debug|Any CPU
		{4E04EFE7-E838-44AB-A515-42F1D44764EC}.Debug|iPhoneSimulator.ActiveCfg = Debug|Any CPU
		{4E04EFE7-E838-44AB-A515-42F1D44764EC}.Debug|iPhoneSimulator.Build.0 = Debug|Any CPU
		{4E04EFE7-E838-44AB-A515-42F1D44764EC}.Debug|iPhoneSimulator.Deploy.0 = Debug|Any CPU
		{4E04EFE7-E838-44AB-A515-42F1D44764EC}.Debug|x64.ActiveCfg = Debug|Any CPU
		{4E04EFE7-E838-44AB-A515-42F1D44764EC}.Debug|x64.Build.0 = Debug|Any CPU
		{4E04EFE7-E838-44AB-A515-42F1D44764EC}.Debug|x64.Deploy.0 = Debug|Any CPU
		{4E04EFE7-E838-44AB-A515-42F1D44764EC}.Debug|x86.ActiveCfg = Debug|Any CPU
		{4E04EFE7-E838-44AB-A515-42F1D44764EC}.Debug|x86.Build.0 = Debug|Any CPU
		{4E04EFE7-E838-44AB-A515-42F1D44764EC}.Debug|x86.Deploy.0 = Debug|Any CPU
		{4E04EFE7-E838-44AB-A515-42F1D44764EC}.Release|Any CPU.ActiveCfg = Release|Any CPU
		{4E04EFE7-E838-44AB-A515-42F1D44764EC}.Release|Any CPU.Build.0 = Release|Any CPU
		{4E04EFE7-E838-44AB-A515-42F1D44764EC}.Release|Any CPU.Deploy.0 = Release|Any CPU
		{4E04EFE7-E838-44AB-A515-42F1D44764EC}.Release|ARM.ActiveCfg = Release|Any CPU
		{4E04EFE7-E838-44AB-A515-42F1D44764EC}.Release|ARM.Build.0 = Release|Any CPU
		{4E04EFE7-E838-44AB-A515-42F1D44764EC}.Release|ARM.Deploy.0 = Release|Any CPU
		{4E04EFE7-E838-44AB-A515-42F1D44764EC}.Release|iPhone.ActiveCfg = Release|Any CPU
		{4E04EFE7-E838-44AB-A515-42F1D44764EC}.Release|iPhone.Build.0 = Release|Any CPU
		{4E04EFE7-E838-44AB-A515-42F1D44764EC}.Release|iPhone.Deploy.0 = Release|Any CPU
		{4E04EFE7-E838-44AB-A515-42F1D44764EC}.Release|iPhoneSimulator.ActiveCfg = Release|Any CPU
		{4E04EFE7-E838-44AB-A515-42F1D44764EC}.Release|iPhoneSimulator.Build.0 = Release|Any CPU
		{4E04EFE7-E838-44AB-A515-42F1D44764EC}.Release|iPhoneSimulator.Deploy.0 = Release|Any CPU
		{4E04EFE7-E838-44AB-A515-42F1D44764EC}.Release|x64.ActiveCfg = Release|Any CPU
		{4E04EFE7-E838-44AB-A515-42F1D44764EC}.Release|x64.Build.0 = Release|Any CPU
		{4E04EFE7-E838-44AB-A515-42F1D44764EC}.Release|x64.Deploy.0 = Release|Any CPU
		{4E04EFE7-E838-44AB-A515-42F1D44764EC}.Release|x86.ActiveCfg = Release|Any CPU
		{4E04EFE7-E838-44AB-A515-42F1D44764EC}.Release|x86.Build.0 = Release|Any CPU
		{4E04EFE7-E838-44AB-A515-42F1D44764EC}.Release|x86.Deploy.0 = Release|Any CPU
		{F78C6634-B982-44F2-9873-B0B1BB23AC4A}.Ad-Hoc|Any CPU.ActiveCfg = Ad-Hoc|iPhone
		{F78C6634-B982-44F2-9873-B0B1BB23AC4A}.Ad-Hoc|ARM.ActiveCfg = Ad-Hoc|iPhone
		{F78C6634-B982-44F2-9873-B0B1BB23AC4A}.Ad-Hoc|iPhone.ActiveCfg = Ad-Hoc|iPhone
		{F78C6634-B982-44F2-9873-B0B1BB23AC4A}.Ad-Hoc|iPhone.Build.0 = Ad-Hoc|iPhone
		{F78C6634-B982-44F2-9873-B0B1BB23AC4A}.Ad-Hoc|iPhoneSimulator.ActiveCfg = Ad-Hoc|iPhoneSimulator
		{F78C6634-B982-44F2-9873-B0B1BB23AC4A}.Ad-Hoc|iPhoneSimulator.Build.0 = Ad-Hoc|iPhoneSimulator
		{F78C6634-B982-44F2-9873-B0B1BB23AC4A}.Ad-Hoc|x64.ActiveCfg = Ad-Hoc|iPhone
		{F78C6634-B982-44F2-9873-B0B1BB23AC4A}.Ad-Hoc|x86.ActiveCfg = Ad-Hoc|iPhone
		{F78C6634-B982-44F2-9873-B0B1BB23AC4A}.AppStore|Any CPU.ActiveCfg = AppStore|iPhone
		{F78C6634-B982-44F2-9873-B0B1BB23AC4A}.AppStore|ARM.ActiveCfg = AppStore|iPhone
		{F78C6634-B982-44F2-9873-B0B1BB23AC4A}.AppStore|iPhone.ActiveCfg = AppStore|iPhone
		{F78C6634-B982-44F2-9873-B0B1BB23AC4A}.AppStore|iPhone.Build.0 = AppStore|iPhone
		{F78C6634-B982-44F2-9873-B0B1BB23AC4A}.AppStore|iPhoneSimulator.ActiveCfg = AppStore|iPhoneSimulator
		{F78C6634-B982-44F2-9873-B0B1BB23AC4A}.AppStore|iPhoneSimulator.Build.0 = AppStore|iPhoneSimulator
		{F78C6634-B982-44F2-9873-B0B1BB23AC4A}.AppStore|x64.ActiveCfg = AppStore|iPhone
		{F78C6634-B982-44F2-9873-B0B1BB23AC4A}.AppStore|x86.ActiveCfg = AppStore|iPhone
		{F78C6634-B982-44F2-9873-B0B1BB23AC4A}.Debug|Any CPU.ActiveCfg = Debug|iPhone
		{F78C6634-B982-44F2-9873-B0B1BB23AC4A}.Debug|ARM.ActiveCfg = Debug|iPhone
		{F78C6634-B982-44F2-9873-B0B1BB23AC4A}.Debug|iPhone.ActiveCfg = Debug|iPhone
		{F78C6634-B982-44F2-9873-B0B1BB23AC4A}.Debug|iPhone.Build.0 = Debug|iPhone
		{F78C6634-B982-44F2-9873-B0B1BB23AC4A}.Debug|iPhoneSimulator.ActiveCfg = Debug|iPhoneSimulator
		{F78C6634-B982-44F2-9873-B0B1BB23AC4A}.Debug|iPhoneSimulator.Build.0 = Debug|iPhoneSimulator
		{F78C6634-B982-44F2-9873-B0B1BB23AC4A}.Debug|x64.ActiveCfg = Debug|iPhone
		{F78C6634-B982-44F2-9873-B0B1BB23AC4A}.Debug|x86.ActiveCfg = Debug|iPhone
		{F78C6634-B982-44F2-9873-B0B1BB23AC4A}.Release|Any CPU.ActiveCfg = Release|iPhone
		{F78C6634-B982-44F2-9873-B0B1BB23AC4A}.Release|ARM.ActiveCfg = Release|iPhone
		{F78C6634-B982-44F2-9873-B0B1BB23AC4A}.Release|iPhone.ActiveCfg = Release|iPhone
		{F78C6634-B982-44F2-9873-B0B1BB23AC4A}.Release|iPhone.Build.0 = Release|iPhone
		{F78C6634-B982-44F2-9873-B0B1BB23AC4A}.Release|iPhoneSimulator.ActiveCfg = Release|iPhoneSimulator
		{F78C6634-B982-44F2-9873-B0B1BB23AC4A}.Release|iPhoneSimulator.Build.0 = Release|iPhoneSimulator
		{F78C6634-B982-44F2-9873-B0B1BB23AC4A}.Release|x64.ActiveCfg = Release|iPhone
		{F78C6634-B982-44F2-9873-B0B1BB23AC4A}.Release|x86.ActiveCfg = Release|iPhone
		{F272C9B5-45DF-44B5-A5B3-322DFC152BC4}.Ad-Hoc|Any CPU.ActiveCfg = Release|x86
		{F272C9B5-45DF-44B5-A5B3-322DFC152BC4}.Ad-Hoc|Any CPU.Build.0 = Release|x86
		{F272C9B5-45DF-44B5-A5B3-322DFC152BC4}.Ad-Hoc|Any CPU.Deploy.0 = Release|x86
		{F272C9B5-45DF-44B5-A5B3-322DFC152BC4}.Ad-Hoc|ARM.ActiveCfg = Release|ARM
		{F272C9B5-45DF-44B5-A5B3-322DFC152BC4}.Ad-Hoc|ARM.Build.0 = Release|ARM
		{F272C9B5-45DF-44B5-A5B3-322DFC152BC4}.Ad-Hoc|ARM.Deploy.0 = Release|ARM
		{F272C9B5-45DF-44B5-A5B3-322DFC152BC4}.Ad-Hoc|iPhone.ActiveCfg = Release|x86
		{F272C9B5-45DF-44B5-A5B3-322DFC152BC4}.Ad-Hoc|iPhone.Build.0 = Release|x86
		{F272C9B5-45DF-44B5-A5B3-322DFC152BC4}.Ad-Hoc|iPhone.Deploy.0 = Release|x86
		{F272C9B5-45DF-44B5-A5B3-322DFC152BC4}.Ad-Hoc|iPhoneSimulator.ActiveCfg = Release|x86
		{F272C9B5-45DF-44B5-A5B3-322DFC152BC4}.Ad-Hoc|iPhoneSimulator.Build.0 = Release|x86
		{F272C9B5-45DF-44B5-A5B3-322DFC152BC4}.Ad-Hoc|iPhoneSimulator.Deploy.0 = Release|x86
		{F272C9B5-45DF-44B5-A5B3-322DFC152BC4}.Ad-Hoc|x64.ActiveCfg = Release|x64
		{F272C9B5-45DF-44B5-A5B3-322DFC152BC4}.Ad-Hoc|x64.Build.0 = Release|x64
		{F272C9B5-45DF-44B5-A5B3-322DFC152BC4}.Ad-Hoc|x64.Deploy.0 = Release|x64
		{F272C9B5-45DF-44B5-A5B3-322DFC152BC4}.Ad-Hoc|x86.ActiveCfg = Release|x86
		{F272C9B5-45DF-44B5-A5B3-322DFC152BC4}.Ad-Hoc|x86.Build.0 = Release|x86
		{F272C9B5-45DF-44B5-A5B3-322DFC152BC4}.Ad-Hoc|x86.Deploy.0 = Release|x86
		{F272C9B5-45DF-44B5-A5B3-322DFC152BC4}.AppStore|Any CPU.ActiveCfg = Release|x86
		{F272C9B5-45DF-44B5-A5B3-322DFC152BC4}.AppStore|Any CPU.Build.0 = Release|x86
		{F272C9B5-45DF-44B5-A5B3-322DFC152BC4}.AppStore|Any CPU.Deploy.0 = Release|x86
		{F272C9B5-45DF-44B5-A5B3-322DFC152BC4}.AppStore|ARM.ActiveCfg = Release|ARM
		{F272C9B5-45DF-44B5-A5B3-322DFC152BC4}.AppStore|ARM.Build.0 = Release|ARM
		{F272C9B5-45DF-44B5-A5B3-322DFC152BC4}.AppStore|ARM.Deploy.0 = Release|ARM
		{F272C9B5-45DF-44B5-A5B3-322DFC152BC4}.AppStore|iPhone.ActiveCfg = Release|x86
		{F272C9B5-45DF-44B5-A5B3-322DFC152BC4}.AppStore|iPhone.Build.0 = Release|x86
		{F272C9B5-45DF-44B5-A5B3-322DFC152BC4}.AppStore|iPhone.Deploy.0 = Release|x86
		{F272C9B5-45DF-44B5-A5B3-322DFC152BC4}.AppStore|iPhoneSimulator.ActiveCfg = Release|x86
		{F272C9B5-45DF-44B5-A5B3-322DFC152BC4}.AppStore|iPhoneSimulator.Build.0 = Release|x86
		{F272C9B5-45DF-44B5-A5B3-322DFC152BC4}.AppStore|iPhoneSimulator.Deploy.0 = Release|x86
		{F272C9B5-45DF-44B5-A5B3-322DFC152BC4}.AppStore|x64.ActiveCfg = Release|x64
		{F272C9B5-45DF-44B5-A5B3-322DFC152BC4}.AppStore|x64.Build.0 = Release|x64
		{F272C9B5-45DF-44B5-A5B3-322DFC152BC4}.AppStore|x64.Deploy.0 = Release|x64
		{F272C9B5-45DF-44B5-A5B3-322DFC152BC4}.AppStore|x86.ActiveCfg = Release|x86
		{F272C9B5-45DF-44B5-A5B3-322DFC152BC4}.AppStore|x86.Build.0 = Release|x86
		{F272C9B5-45DF-44B5-A5B3-322DFC152BC4}.AppStore|x86.Deploy.0 = Release|x86
		{F272C9B5-45DF-44B5-A5B3-322DFC152BC4}.Debug|Any CPU.ActiveCfg = Debug|x86
		{F272C9B5-45DF-44B5-A5B3-322DFC152BC4}.Debug|ARM.ActiveCfg = Debug|ARM
		{F272C9B5-45DF-44B5-A5B3-322DFC152BC4}.Debug|ARM.Build.0 = Debug|ARM
		{F272C9B5-45DF-44B5-A5B3-322DFC152BC4}.Debug|ARM.Deploy.0 = Debug|ARM
		{F272C9B5-45DF-44B5-A5B3-322DFC152BC4}.Debug|iPhone.ActiveCfg = Debug|x86
		{F272C9B5-45DF-44B5-A5B3-322DFC152BC4}.Debug|iPhoneSimulator.ActiveCfg = Debug|x86
		{F272C9B5-45DF-44B5-A5B3-322DFC152BC4}.Debug|x64.ActiveCfg = Debug|x64
		{F272C9B5-45DF-44B5-A5B3-322DFC152BC4}.Debug|x64.Build.0 = Debug|x64
		{F272C9B5-45DF-44B5-A5B3-322DFC152BC4}.Debug|x64.Deploy.0 = Debug|x64
		{F272C9B5-45DF-44B5-A5B3-322DFC152BC4}.Debug|x86.ActiveCfg = Debug|x86
		{F272C9B5-45DF-44B5-A5B3-322DFC152BC4}.Debug|x86.Build.0 = Debug|x86
		{F272C9B5-45DF-44B5-A5B3-322DFC152BC4}.Debug|x86.Deploy.0 = Debug|x86
		{F272C9B5-45DF-44B5-A5B3-322DFC152BC4}.Release|Any CPU.ActiveCfg = Release|x86
		{F272C9B5-45DF-44B5-A5B3-322DFC152BC4}.Release|ARM.ActiveCfg = Release|ARM
		{F272C9B5-45DF-44B5-A5B3-322DFC152BC4}.Release|ARM.Build.0 = Release|ARM
		{F272C9B5-45DF-44B5-A5B3-322DFC152BC4}.Release|ARM.Deploy.0 = Release|ARM
		{F272C9B5-45DF-44B5-A5B3-322DFC152BC4}.Release|iPhone.ActiveCfg = Release|x86
		{F272C9B5-45DF-44B5-A5B3-322DFC152BC4}.Release|iPhoneSimulator.ActiveCfg = Release|x86
		{F272C9B5-45DF-44B5-A5B3-322DFC152BC4}.Release|x64.ActiveCfg = Release|x64
		{F272C9B5-45DF-44B5-A5B3-322DFC152BC4}.Release|x64.Build.0 = Release|x64
		{F272C9B5-45DF-44B5-A5B3-322DFC152BC4}.Release|x64.Deploy.0 = Release|x64
		{F272C9B5-45DF-44B5-A5B3-322DFC152BC4}.Release|x86.ActiveCfg = Release|x86
		{F272C9B5-45DF-44B5-A5B3-322DFC152BC4}.Release|x86.Build.0 = Release|x86
		{F272C9B5-45DF-44B5-A5B3-322DFC152BC4}.Release|x86.Deploy.0 = Release|x86
		{3A7EFC1D-035E-4751-9D89-5D1FF0D1E1CA}.Ad-Hoc|Any CPU.ActiveCfg = Debug|Any CPU
		{3A7EFC1D-035E-4751-9D89-5D1FF0D1E1CA}.Ad-Hoc|Any CPU.Build.0 = Debug|Any CPU
		{3A7EFC1D-035E-4751-9D89-5D1FF0D1E1CA}.Ad-Hoc|ARM.ActiveCfg = Debug|Any CPU
		{3A7EFC1D-035E-4751-9D89-5D1FF0D1E1CA}.Ad-Hoc|ARM.Build.0 = Debug|Any CPU
		{3A7EFC1D-035E-4751-9D89-5D1FF0D1E1CA}.Ad-Hoc|iPhone.ActiveCfg = Debug|Any CPU
		{3A7EFC1D-035E-4751-9D89-5D1FF0D1E1CA}.Ad-Hoc|iPhone.Build.0 = Debug|Any CPU
		{3A7EFC1D-035E-4751-9D89-5D1FF0D1E1CA}.Ad-Hoc|iPhoneSimulator.ActiveCfg = Debug|Any CPU
		{3A7EFC1D-035E-4751-9D89-5D1FF0D1E1CA}.Ad-Hoc|iPhoneSimulator.Build.0 = Debug|Any CPU
		{3A7EFC1D-035E-4751-9D89-5D1FF0D1E1CA}.Ad-Hoc|x64.ActiveCfg = Debug|Any CPU
		{3A7EFC1D-035E-4751-9D89-5D1FF0D1E1CA}.Ad-Hoc|x64.Build.0 = Debug|Any CPU
		{3A7EFC1D-035E-4751-9D89-5D1FF0D1E1CA}.Ad-Hoc|x86.ActiveCfg = Debug|Any CPU
		{3A7EFC1D-035E-4751-9D89-5D1FF0D1E1CA}.Ad-Hoc|x86.Build.0 = Debug|Any CPU
		{3A7EFC1D-035E-4751-9D89-5D1FF0D1E1CA}.AppStore|Any CPU.ActiveCfg = Debug|Any CPU
		{3A7EFC1D-035E-4751-9D89-5D1FF0D1E1CA}.AppStore|Any CPU.Build.0 = Debug|Any CPU
		{3A7EFC1D-035E-4751-9D89-5D1FF0D1E1CA}.AppStore|ARM.ActiveCfg = Debug|Any CPU
		{3A7EFC1D-035E-4751-9D89-5D1FF0D1E1CA}.AppStore|ARM.Build.0 = Debug|Any CPU
		{3A7EFC1D-035E-4751-9D89-5D1FF0D1E1CA}.AppStore|iPhone.ActiveCfg = Debug|Any CPU
		{3A7EFC1D-035E-4751-9D89-5D1FF0D1E1CA}.AppStore|iPhone.Build.0 = Debug|Any CPU
		{3A7EFC1D-035E-4751-9D89-5D1FF0D1E1CA}.AppStore|iPhoneSimulator.ActiveCfg = Debug|Any CPU
		{3A7EFC1D-035E-4751-9D89-5D1FF0D1E1CA}.AppStore|iPhoneSimulator.Build.0 = Debug|Any CPU
		{3A7EFC1D-035E-4751-9D89-5D1FF0D1E1CA}.AppStore|x64.ActiveCfg = Debug|Any CPU
		{3A7EFC1D-035E-4751-9D89-5D1FF0D1E1CA}.AppStore|x64.Build.0 = Debug|Any CPU
		{3A7EFC1D-035E-4751-9D89-5D1FF0D1E1CA}.AppStore|x86.ActiveCfg = Debug|Any CPU
		{3A7EFC1D-035E-4751-9D89-5D1FF0D1E1CA}.AppStore|x86.Build.0 = Debug|Any CPU
		{3A7EFC1D-035E-4751-9D89-5D1FF0D1E1CA}.Debug|Any CPU.ActiveCfg = Debug|Any CPU
		{3A7EFC1D-035E-4751-9D89-5D1FF0D1E1CA}.Debug|Any CPU.Build.0 = Debug|Any CPU
		{3A7EFC1D-035E-4751-9D89-5D1FF0D1E1CA}.Debug|ARM.ActiveCfg = Debug|Any CPU
		{3A7EFC1D-035E-4751-9D89-5D1FF0D1E1CA}.Debug|ARM.Build.0 = Debug|Any CPU
		{3A7EFC1D-035E-4751-9D89-5D1FF0D1E1CA}.Debug|iPhone.ActiveCfg = Debug|Any CPU
		{3A7EFC1D-035E-4751-9D89-5D1FF0D1E1CA}.Debug|iPhone.Build.0 = Debug|Any CPU
		{3A7EFC1D-035E-4751-9D89-5D1FF0D1E1CA}.Debug|iPhoneSimulator.ActiveCfg = Debug|Any CPU
		{3A7EFC1D-035E-4751-9D89-5D1FF0D1E1CA}.Debug|iPhoneSimulator.Build.0 = Debug|Any CPU
		{3A7EFC1D-035E-4751-9D89-5D1FF0D1E1CA}.Debug|x64.ActiveCfg = Debug|Any CPU
		{3A7EFC1D-035E-4751-9D89-5D1FF0D1E1CA}.Debug|x64.Build.0 = Debug|Any CPU
		{3A7EFC1D-035E-4751-9D89-5D1FF0D1E1CA}.Debug|x86.ActiveCfg = Debug|Any CPU
		{3A7EFC1D-035E-4751-9D89-5D1FF0D1E1CA}.Debug|x86.Build.0 = Debug|Any CPU
		{3A7EFC1D-035E-4751-9D89-5D1FF0D1E1CA}.Release|Any CPU.ActiveCfg = Release|Any CPU
		{3A7EFC1D-035E-4751-9D89-5D1FF0D1E1CA}.Release|Any CPU.Build.0 = Release|Any CPU
		{3A7EFC1D-035E-4751-9D89-5D1FF0D1E1CA}.Release|ARM.ActiveCfg = Release|Any CPU
		{3A7EFC1D-035E-4751-9D89-5D1FF0D1E1CA}.Release|ARM.Build.0 = Release|Any CPU
		{3A7EFC1D-035E-4751-9D89-5D1FF0D1E1CA}.Release|iPhone.ActiveCfg = Release|Any CPU
		{3A7EFC1D-035E-4751-9D89-5D1FF0D1E1CA}.Release|iPhone.Build.0 = Release|Any CPU
		{3A7EFC1D-035E-4751-9D89-5D1FF0D1E1CA}.Release|iPhoneSimulator.ActiveCfg = Release|Any CPU
		{3A7EFC1D-035E-4751-9D89-5D1FF0D1E1CA}.Release|iPhoneSimulator.Build.0 = Release|Any CPU
		{3A7EFC1D-035E-4751-9D89-5D1FF0D1E1CA}.Release|x64.ActiveCfg = Release|Any CPU
		{3A7EFC1D-035E-4751-9D89-5D1FF0D1E1CA}.Release|x64.Build.0 = Release|Any CPU
		{3A7EFC1D-035E-4751-9D89-5D1FF0D1E1CA}.Release|x86.ActiveCfg = Release|Any CPU
		{3A7EFC1D-035E-4751-9D89-5D1FF0D1E1CA}.Release|x86.Build.0 = Release|Any CPU
	EndGlobalSection
	GlobalSection(SolutionProperties) = preSolution
		HideSolutionNode = FALSE
	EndGlobalSection
	GlobalSection(ExtensibilityGlobals) = postSolution
		SolutionGuid = {D838A7D5-2667-4F9C-AF03-D8F0AAE12736}
	EndGlobalSection
EndGlobal
